{
  "requires": true,
  "lockfileVersion": 1,
  "dependencies": {
    "expo-barcode-scanner": {
      "version": "9.0.0",
      "resolved": "https://registry.npmjs.org/expo-barcode-scanner/-/expo-barcode-scanner-9.0.0.tgz",
      "integrity": "sha512-CxyQyn3EQ4+mXn6swBg4acF9uQazPd9Odlb9TOgcpTV6cDo8pxKFwB5m1H00909ea7DOTEYgPhDgEUphsCrenA==",
      "requires": {
        "lodash": "^4.6.0"
      }
    },
    "expo-permissions": {
      "version": "9.3.0",
      "resolved": "https://registry.npmjs.org/expo-permissions/-/expo-permissions-9.3.0.tgz",
      "integrity": "sha512-ylSJZVvEGJVFTKsFrUL2S6gCvFt+/o8TJ3xT4WaMjHe2/2Z7R8ng6NR47Kt54t7XBIV/SZ7DIY9uRiR7TPuNYA=="
    },
    "lodash": {
      "version": "4.17.20",
      "resolved": "https://registry.npmjs.org/lodash/-/lodash-4.17.20.tgz",
      "integrity": "sha512-PlhdFcillOINfeV7Ni6oF1TAEayyZBoZ8bcshTHqOYJYlrqzRK5hagpagky5o4HfCzzd1TRkXPMFq6cKk9rGmA=="
    }
  }
}
